// !$*UTF8*$!
{
	archiveVersion = 1;
	classes = {
	};
	objectVersion = 46;
	objects = {

/* Begin PBXBuildFile section */
		3E5420381CE093D7007E3685 /* AppDelegate.swift in Sources */ = {isa = PBXBuildFile; fileRef = 3E5420371CE093D7007E3685 /* AppDelegate.swift */; };
		3E54203A1CE093D7007E3685 /* ViewController.swift in Sources */ = {isa = PBXBuildFile; fileRef = 3E5420391CE093D7007E3685 /* ViewController.swift */; };
		3E54203D1CE093D7007E3685 /* Main.storyboard in Resources */ = {isa = PBXBuildFile; fileRef = 3E54203B1CE093D7007E3685 /* Main.storyboard */; };
		3E54203F1CE093D7007E3685 /* Assets.xcassets in Resources */ = {isa = PBXBuildFile; fileRef = 3E54203E1CE093D7007E3685 /* Assets.xcassets */; };
		3E5420421CE093D7007E3685 /* LaunchScreen.storyboard in Resources */ = {isa = PBXBuildFile; fileRef = 3E5420401CE093D7007E3685 /* LaunchScreen.storyboard */; };
		3E54204A1CE093FA007E3685 /* HistogramSpecification.swift in Sources */ = {isa = PBXBuildFile; fileRef = 3E5420491CE093FA007E3685 /* HistogramSpecification.swift */; };
		3E5420501CE0990B007E3685 /* centerMona.jpg in Resources */ = {isa = PBXBuildFile; fileRef = 3E54204F1CE0990B007E3685 /* centerMona.jpg */; };
		3E5420521CE099C5007E3685 /* blueberry.png in Resources */ = {isa = PBXBuildFile; fileRef = 3E5420511CE099C5007E3685 /* blueberry.png */; };
		3EF7A1221CE09B270016FA62 /* strawberry.png in Resources */ = {isa = PBXBuildFile; fileRef = 3EF7A1211CE09B270016FA62 /* strawberry.png */; };
		3EF7A1241CE09DB60016FA62 /* lime.png in Resources */ = {isa = PBXBuildFile; fileRef = 3EF7A1231CE09DB60016FA62 /* lime.png */; };
		3EF7A1261CE0A0590016FA62 /* lemon.png in Resources */ = {isa = PBXBuildFile; fileRef = 3EF7A1251CE0A0590016FA62 /* lemon.png */; };
/* End PBXBuildFile section */

/* Begin PBXFileReference section */
		3E5420341CE093D7007E3685 /* HisogramSpecificationBlendDemo.app */ = {isa = PBXFileReference; explicitFileType = wrapper.application; includeInIndex = 0; path = HisogramSpecificationBlendDemo.app; sourceTree = BUILT_PRODUCTS_DIR; };
		3E5420371CE093D7007E3685 /* AppDelegate.swift */ = {isa = PBXFileReference; lastKnownFileType = sourcecode.swift; path = AppDelegate.swift; sourceTree = "<group>"; };
		3E5420391CE093D7007E3685 /* ViewController.swift */ = {isa = PBXFileReference; lastKnownFileType = sourcecode.swift; path = ViewController.swift; sourceTree = "<group>"; };
		3E54203C1CE093D7007E3685 /* Base */ = {isa = PBXFileReference; lastKnownFileType = file.storyboard; name = Base; path = Base.lproj/Main.storyboard; sourceTree = "<group>"; };
		3E54203E1CE093D7007E3685 /* Assets.xcassets */ = {isa = PBXFileReference; lastKnownFileType = folder.assetcatalog; path = Assets.xcassets; sourceTree = "<group>"; };
		3E5420411CE093D7007E3685 /* Base */ = {isa = PBXFileReference; lastKnownFileType = file.storyboard; name = Base; path = Base.lproj/LaunchScreen.storyboard; sourceTree = "<group>"; };
		3E5420431CE093D7007E3685 /* Info.plist */ = {isa = PBXFileReference; lastKnownFileType = text.plist.xml; path = Info.plist; sourceTree = "<group>"; };
		3E5420491CE093FA007E3685 /* HistogramSpecification.swift */ = {isa = PBXFileReference; fileEncoding = 4; lastKnownFileType = sourcecode.swift; path = HistogramSpecification.swift; sourceTree = "<group>"; };
		3E54204F1CE0990B007E3685 /* centerMona.jpg */ = {isa = PBXFileReference; lastKnownFileType = image.jpeg; path = centerMona.jpg; sourceTree = "<group>"; };
		3E5420511CE099C5007E3685 /* blueberry.png */ = {isa = PBXFileReference; lastKnownFileType = image.png; path = blueberry.png; sourceTree = "<group>"; };
		3EF7A1211CE09B270016FA62 /* strawberry.png */ = {isa = PBXFileReference; lastKnownFileType = image.png; path = strawberry.png; sourceTree = "<group>"; };
		3EF7A1231CE09DB60016FA62 /* lime.png */ = {isa = PBXFileReference; lastKnownFileType = image.png; path = lime.png; sourceTree = "<group>"; };
		3EF7A1251CE0A0590016FA62 /* lemon.png */ = {isa = PBXFileReference; lastKnownFileType = image.png; path = lemon.png; sourceTree = "<group>"; };
/* End PBXFileReference section */

/* Begin PBXFrameworksBuildPhase section */
		3E5420311CE093D7007E3685 /* Frameworks */ = {
			isa = PBXFrameworksBuildPhase;
			buildActionMask = 2147483647;
			files = (
			);
			runOnlyForDeploymentPostprocessing = 0;
		};
/* End PBXFrameworksBuildPhase section */

/* Begin PBXGroup section */
		3E54202B1CE093D7007E3685 = {
			isa = PBXGroup;
			children = (
				3E5420361CE093D7007E3685 /* HisogramSpecificationBlendDemo */,
				3E5420351CE093D7007E3685 /* Products */,
			);
			sourceTree = "<group>";
		};
		3E5420351CE093D7007E3685 /* Products */ = {
			isa = PBXGroup;
			children = (
				3E5420341CE093D7007E3685 /* HisogramSpecificationBlendDemo.app */,
			);
			name = Products;
			sourceTree = "<group>";
		};
		3E5420361CE093D7007E3685 /* HisogramSpecificationBlendDemo */ = {
			isa = PBXGroup;
			children = (
				3EF7A1251CE0A0590016FA62 /* lemon.png */,
				3EF7A1231CE09DB60016FA62 /* lime.png */,
				3EF7A1211CE09B270016FA62 /* strawberry.png */,
				3E5420511CE099C5007E3685 /* blueberry.png */,
				3E54204F1CE0990B007E3685 /* centerMona.jpg */,
				3E5420371CE093D7007E3685 /* AppDelegate.swift */,
				3E5420391CE093D7007E3685 /* ViewController.swift */,
				3E54203B1CE093D7007E3685 /* Main.storyboard */,
				3E54203E1CE093D7007E3685 /* Assets.xcassets */,
				3E5420401CE093D7007E3685 /* LaunchScreen.storyboard */,
				3E5420431CE093D7007E3685 /* Info.plist */,
				3E5420491CE093FA007E3685 /* HistogramSpecification.swift */,
			);
			path = HisogramSpecificationBlendDemo;
			sourceTree = "<group>";
		};
/* End PBXGroup section */

/* Begin PBXNativeTarget section */
		3E5420331CE093D7007E3685 /* HisogramSpecificationBlendDemo */ = {
			isa = PBXNativeTarget;
			buildConfigurationList = 3E5420461CE093D7007E3685 /* Build configuration list for PBXNativeTarget "HisogramSpecificationBlendDemo" */;
			buildPhases = (
				3E5420301CE093D7007E3685 /* Sources */,
				3E5420311CE093D7007E3685 /* Frameworks */,
				3E5420321CE093D7007E3685 /* Resources */,
			);
			buildRules = (
			);
			dependencies = (
			);
			name = HisogramSpecificationBlendDemo;
			productName = HisogramSpecificationBlendDemo;
			productReference = 3E5420341CE093D7007E3685 /* HisogramSpecificationBlendDemo.app */;
			productType = "com.apple.product-type.application";
		};
/* End PBXNativeTarget section */

/* Begin PBXProject section */
		3E54202C1CE093D7007E3685 /* Project object */ = {
			isa = PBXProject;
			attributes = {
				LastSwiftUpdateCheck = 0730;
				LastUpgradeCheck = 0730;
				ORGANIZATIONNAME = "Simon Gladman";
				TargetAttributes = {
					3E5420331CE093D7007E3685 = {
						CreatedOnToolsVersion = 7.3.1;
					};
				};
			};
			buildConfigurationList = 3E54202F1CE093D7007E3685 /* Build configuration list for PBXProject "HisogramSpecificationBlendDemo" */;
			compatibilityVersion = "Xcode 3.2";
			developmentRegion = English;
			hasScannedForEncodings = 0;
			knownRegions = (
				en,
				Base,
			);
			mainGroup = 3E54202B1CE093D7007E3685;
			productRefGroup = 3E5420351CE093D7007E3685 /* Products */;
			projectDirPath = "";
			projectRoot = "";
			targets = (
				3E5420331CE093D7007E3685 /* HisogramSpecificationBlendDemo */,
			);
		};
/* End PBXProject section */

/* Begin PBXResourcesBuildPhase section */
		3E5420321CE093D7007E3685 /* Resources */ = {
			isa = PBXResourcesBuildPhase;
			buildActionMask = 2147483647;
			files = (
				3E5420421CE093D7007E3685 /* LaunchScreen.storyboard in Resources */,
				3E54203F1CE093D7007E3685 /* Assets.xcassets in Resources */,
				3EF7A1241CE09DB60016FA62 /* lime.png in Resources */,
				3EF7A1221CE09B270016FA62 /* strawberry.png in Resources */,
				3E54203D1CE093D7007E3685 /* Main.storyboard in Resources */,
				3E5420521CE099C5007E3685 /* blueberry.png in Resources */,
				3E5420501CE0990B007E3685 /* centerMona.jpg in Resources */,
				3EF7A1261CE0A0590016FA62 /* lemon.png in Resources */,
			);
			runOnlyForDeploymentPostprocessing = 0;
		};
/* End PBXResourcesBuildPhase section */

/* Begin PBXSourcesBuildPhase section */
		3E5420301CE093D7007E3685 /* Sources */ = {
			isa = PBXSourcesBuildPhase;
			buildActionMask = 2147483647;
			files = (
				3E54203A1CE093D7007E3685 /* ViewController.swift in Sources */,
				3E5420381CE093D7007E3685 /* AppDelegate.swift in Sources */,
				3E54204A1CE093FA007E3685 /* HistogramSpecification.swift in Sources */,
			);
			runOnlyForDeploymentPostprocessing = 0;
		};
/* End PBXSourcesBuildPhase section */

/* Begin PBXVariantGroup section */
		3E54203B1CE093D7007E3685 /* Main.storyboard */ = {
			isa = PBXVariantGroup;
			children = (
				3E54203C1CE093D7007E3685 /* Base */,
			);
			name = Main.storyboard;
			sourceTree = "<group>";
		};
		3E5420401CE093D7007E3685 /* LaunchScreen.storyboard */ = {
			isa = PBXVariantGroup;
			children = (
				3E5420411CE093D7007E3685 /* Base */,
			);
			name = LaunchScreen.storyboard;
			sourceTree = "<group>";
		};
/* End PBXVariantGroup section */

/* Begin XCBuildConfiguration section */
		3E5420441CE093D7007E3685 /* Debug */ = {
			isa = XCBuildConfiguration;
			buildSettings = {
				ALWAYS_SEARCH_USER_PATHS = NO;
				CLANG_ANALYZER_NONNULL = YES;
				CLANG_CXX_LANGUAGE_STANDARD = "gnu++0x";
				CLANG_CXX_LIBRARY = "libc++";
				CLANG_ENABLE_MODULES = YES;
				CLANG_ENABLE_OBJC_ARC = YES;
				CLANG_WARN_BOOL_CONVERSION = YES;
				CLANG_WARN_CONSTANT_CONVERSION = YES;
				CLANG_WARN_DIRECT_OBJC_ISA_USAGE = YES_ERROR;
				CLANG_WARN_EMPTY_BODY = YES;
				CLANG_WARN_ENUM_CONVERSION = YES;
				CLANG_WARN_INT_CONVERSION = YES;
				CLANG_WARN_OBJC_ROOT_CLASS = YES_ERROR;
				CLANG_WARN_UNREACHABLE_CODE = YES;
				CLANG_WARN__DUPLICATE_METHOD_MATCH = YES;
				"CODE_SIGN_IDENTITY[sdk=iphoneos*]" = "iPhone Developer";
				COPY_PHASE_STRIP = NO;
				DEBUG_INFORMATION_FORMAT = dwarf;
				ENABLE_STRICT_OBJC_MSGSEND = YES;
				ENABLE_TESTABILITY = YES;
				GCC_C_LANGUAGE_STANDARD = gnu99;
				GCC_DYNAMIC_NO_PIC = NO;
				GCC_NO_COMMON_BLOCKS = YES;
				GCC_OPTIMIZATION_LEVEL = 0;
				GCC_PREPROCESSOR_DEFINITIONS = (
					"DEBUG=1",
					"$(inherited)",
				);
				GCC_WARN_64_TO_32_BIT_CONVERSION = YES;
				GCC_WARN_ABOUT_RETURN_TYPE = YES_ERROR;
				GCC_WARN_UNDECLARED_SELECTOR = YES;
				GCC_WARN_UNINITIALIZED_AUTOS = YES_AGGRESSIVE;
				GCC_WARN_UNUSED_FUNCTION = YES;
				GCC_WARN_UNUSED_VARIABLE = YES;
				IPHONEOS_DEPLOYMENT_TARGET = 9.3;
				MTL_ENABLE_DEBUG_INFO = YES;
				ONLY_ACTIVE_ARCH = YES;
				SDKROOT = iphoneos;
				SWIFT_OPTIMIZATION_LEVEL = "-Onone";
				TARGETED_DEVICE_FAMILY = 2;
			};
			name = Debug;
		};
		3E5420451CE093D7007E3685 /* Release */ = {
			isa = XCBuildConfiguration;
			buildSettings = {
				ALWAYS_SEARCH_USER_PATHS = NO;
				CLANG_ANALYZER_NONNULL = YES;
				CLANG_CXX_LANGUAGE_STANDARD = "gnu++0x";
				CLANG_CXX_LIBRARY = "libc++";
				CLANG_ENABLE_MODULES = YES;
				CLANG_ENABLE_OBJC_ARC = YES;
				CLANG_WARN_BOOL_CONVERSION = YES;
				CLANG_WARN_CONSTANT_CONVERSION = YES;
				CLANG_WARN_DIRECT_OBJC_ISA_USAGE = YES_ERROR;
				CLANG_WARN_EMPTY_BODY = YES;
				CLANG_WARN_ENUM_CONVERSION = YES;
				CLANG_WARN_INT_CONVERSION = YES;
				CLANG_WARN_OBJC_ROOT_CLASS = YES_ERROR;
				CLANG_WARN_UNREACHABLE_CODE = YES;
				CLANG_WARN__DUPLICATE_METHOD_MATCH = YES;
				"CODE_SIGN_IDENTITY[sdk=iphoneos*]" = "iPhone Developer";
				COPY_PHASE_STRIP = NO;
				DEBUG_INFORMATION_FORMAT = "dwarf-with-dsym";
				ENABLE_NS_ASSERTIONS = NO;
				ENABLE_STRICT_OBJC_MSGSEND = YES;
				GCC_C_LANGUAGE_STANDARD = gnu99;
				GCC_NO_COMMON_BLOCKS = YES;
				GCC_WARN_64_TO_32_BIT_CONVERSION = YES;
				GCC_WARN_ABOUT_RETURN_TYPE = YES_ERROR;
				GCC_WARN_UNDECLARED_SELECTOR = YES;
				GCC_WARN_UNINITIALIZED_AUTOS = YES_AGGRESSIVE;
				GCC_WARN_UNUSED_FUNCTION = YES;
				GCC_WARN_UNUSED_VARIABLE = YES;
				IPHONEOS_DEPLOYMENT_TARGET = 9.3;
				MTL_ENABLE_DEBUG_INFO = NO;
				SDKROOT = iphoneos;
				TARGETED_DEVICE_FAMILY = 2;
				VALIDATE_PRODUCT = YES;
			};
			name = Release;
		};
		3E5420471CE093D7007E3685 /* Debug */ = {
			isa = XCBuildConfiguration;
			buildSettings = {
				ASSETCATALOG_COMPILER_APPICON_NAME = AppIcon;
				INFOPLIST_FILE = HisogramSpecificationBlendDemo/Info.plist;
				LD_RUNPATH_SEARCH_PATHS = "$(inherited) @executable_path/Frameworks";
				PRODUCT_BUNDLE_IDENTIFIER = uk.co.flexmonkey.HisogramSpecificationBlendDemo;
				PRODUCT_NAME = "$(TARGET_NAME)";
			};
			name = Debug;
		};
		3E5420481CE093D7007E3685 /* Release */ = {
			isa = XCBuildConfiguration;
			buildSettings = {
				ASSETCATALOG_COMPILER_APPICON_NAME = AppIcon;
				INFOPLIST_FILE = HisogramSpecificationBlendDemo/Info.plist;
				LD_RUNPATH_SEARCH_PATHS = "$(inherited) @executable_path/Frameworks";
				PRODUCT_BUNDLE_IDENTIFIER = uk.co.flexmonkey.HisogramSpecificationBlendDemo;
				PRODUCT_NAME = "$(TARGET_NAME)";
			};
			name = Release;
		};
/* End XCBuildConfiguration section */

/* Begin XCConfigurationList section */
		3E54202F1CE093D7007E3685 /* Build configuration list for PBXProject "HisogramSpecificationBlendDemo" */ = {
			isa = XCConfigurationList;
			buildConfigurations = (
				3E5420441CE093D7007E3685 /* Debug */,
				3E5420451CE093D7007E3685 /* Release */,
			);
			defaultConfigurationIsVisible = 0;
			defaultConfigurationName = Release;
		};
		3E5420461CE093D7007E3685 /* Build configuration list for PBXNativeTarget "HisogramSpecificationBlendDemo" */ = {
			isa = XCConfigurationList;
			buildConfigurations = (
				3E5420471CE093D7007E3685 /* Debug */,
				3E5420481CE093D7007E3685 /* Release */,
			);
			defaultConfigurationIsVisible = 0;
			defaultConfigurationName = Release;
		};
/* End XCConfigurationList section */
	};
	rootObject = 3E54202C1CE093D7007E3685 /* Project object */;
}
